
Microsoft Visual Studio Solution File, Format Version 12.00
# Visual Studio Version 16
VisualStudioVersion = 16.0.29613.14
MinimumVisualStudioVersion = 10.0.40219.1
Project("{FAE04EC0-301F-11D3-BF4B-00C04F79EFBC}") = "BaseBallGameFinal", "BaseBallGameFinal\BaseBallGameFinal.csproj", "{4A0E67AB-BA49-464A-9E7A-6B371C6971E0}"
EndProject
Global
	GlobalSection(SolutionConfigurationPlatforms) = preSolution
		Debug|Any CPU = Debug|Any CPU
		Release|Any CPU = Release|Any CPU
	EndGlobalSection
	GlobalSection(ProjectConfigurationPlatforms) = postSolution
		{4A0E67AB-BA49-464A-9E7A-6B371C6971E0}.Debug|Any CPU.ActiveCfg = Debug|Any CPU
		{4A0E67AB-BA49-464A-9E7A-6B371C6971E0}.Debug|Any CPU.Build.0 = Debug|Any CPU
		{4A0E67AB-BA49-464A-9E7A-6B371C6971E0}.Release|Any CPU.ActiveCfg = Release|Any CPU
		{4A0E67AB-BA49-464A-9E7A-6B371C6971E0}.Release|Any CPU.Build.0 = Release|Any CPU
	EndGlobalSection
	GlobalSection(SolutionProperties) = preSolution
		HideSolutionNode = FALSE
	EndGlobalSection
	GlobalSection(ExtensibilityGlobals) = postSolution
		SolutionGuid = {FF47CDDE-42E5-4A18-8EB0-1F43C7DAB47A}
	EndGlobalSection
EndGlobal
